// !$*UTF8*$!
{
	archiveVersion = 1;
	classes = {
	};
	objectVersion = 55;
	objects = {

/* Begin PBXBuildFile section */
		1148A6588C1397139D7496F1 /* Pods_Grocery.framework in Frameworks */ = {isa = PBXBuildFile; fileRef = CB345D6B8356BFDBE8F4F612 /* Pods_Grocery.framework */; };
		541E77BC2872524C0043AFAC /* AppDelegate.m in Sources */ = {isa = PBXBuildFile; fileRef = 541E77BB2872524C0043AFAC /* AppDelegate.m */; };
		541E77BF2872524C0043AFAC /* SceneDelegate.m in Sources */ = {isa = PBXBuildFile; fileRef = 541E77BE2872524C0043AFAC /* SceneDelegate.m */; };
		541E77C22872524C0043AFAC /* ViewController.m in Sources */ = {isa = PBXBuildFile; fileRef = 541E77C12872524C0043AFAC /* ViewController.m */; };
		541E77C52872524C0043AFAC /* Main.storyboard in Resources */ = {isa = PBXBuildFile; fileRef = 541E77C32872524C0043AFAC /* Main.storyboard */; };
		541E77C72872524D0043AFAC /* Assets.xcassets in Resources */ = {isa = PBXBuildFile; fileRef = 541E77C62872524D0043AFAC /* Assets.xcassets */; };
		541E77CA2872524D0043AFAC /* LaunchScreen.storyboard in Resources */ = {isa = PBXBuildFile; fileRef = 541E77C82872524D0043AFAC /* LaunchScreen.storyboard */; };
		541E77CD2872524D0043AFAC /* main.m in Sources */ = {isa = PBXBuildFile; fileRef = 541E77CC2872524D0043AFAC /* main.m */; };
		541E77DB2872571D0043AFAC /* SignInViewController.m in Sources */ = {isa = PBXBuildFile; fileRef = 541E77DA2872571D0043AFAC /* SignInViewController.m */; };
		541E77DE287257510043AFAC /* RegisterViewController.m in Sources */ = {isa = PBXBuildFile; fileRef = 541E77DD287257510043AFAC /* RegisterViewController.m */; };
		541E77E0287276480043AFAC /* Keys.plist in Resources */ = {isa = PBXBuildFile; fileRef = 541E77DF287276480043AFAC /* Keys.plist */; };
		541E77E32873863D0043AFAC /* HomeViewController.m in Sources */ = {isa = PBXBuildFile; fileRef = 541E77E22873863D0043AFAC /* HomeViewController.m */; };
/* End PBXBuildFile section */

/* Begin PBXFileReference section */
		154652845B4D515024392A1D /* Pods-Grocery.debug.xcconfig */ = {isa = PBXFileReference; includeInIndex = 1; lastKnownFileType = text.xcconfig; name = "Pods-Grocery.debug.xcconfig"; path = "Target Support Files/Pods-Grocery/Pods-Grocery.debug.xcconfig"; sourceTree = "<group>"; };
		41324646D034CC50A3241D3A /* Pods-Grocery.release.xcconfig */ = {isa = PBXFileReference; includeInIndex = 1; lastKnownFileType = text.xcconfig; name = "Pods-Grocery.release.xcconfig"; path = "Target Support Files/Pods-Grocery/Pods-Grocery.release.xcconfig"; sourceTree = "<group>"; };
		541E77B72872524C0043AFAC /* Grocery.app */ = {isa = PBXFileReference; explicitFileType = wrapper.application; includeInIndex = 0; path = Grocery.app; sourceTree = BUILT_PRODUCTS_DIR; };
		541E77BA2872524C0043AFAC /* AppDelegate.h */ = {isa = PBXFileReference; lastKnownFileType = sourcecode.c.h; path = AppDelegate.h; sourceTree = "<group>"; };
		541E77BB2872524C0043AFAC /* AppDelegate.m */ = {isa = PBXFileReference; lastKnownFileType = sourcecode.c.objc; path = AppDelegate.m; sourceTree = "<group>"; };
		541E77BD2872524C0043AFAC /* SceneDelegate.h */ = {isa = PBXFileReference; lastKnownFileType = sourcecode.c.h; path = SceneDelegate.h; sourceTree = "<group>"; };
		541E77BE2872524C0043AFAC /* SceneDelegate.m */ = {isa = PBXFileReference; lastKnownFileType = sourcecode.c.objc; path = SceneDelegate.m; sourceTree = "<group>"; };
		541E77C02872524C0043AFAC /* ViewController.h */ = {isa = PBXFileReference; lastKnownFileType = sourcecode.c.h; path = ViewController.h; sourceTree = "<group>"; };
		541E77C12872524C0043AFAC /* ViewController.m */ = {isa = PBXFileReference; lastKnownFileType = sourcecode.c.objc; path = ViewController.m; sourceTree = "<group>"; };
		541E77C42872524C0043AFAC /* Base */ = {isa = PBXFileReference; lastKnownFileType = file.storyboard; name = Base; path = Base.lproj/Main.storyboard; sourceTree = "<group>"; };
		541E77C62872524D0043AFAC /* Assets.xcassets */ = {isa = PBXFileReference; lastKnownFileType = folder.assetcatalog; path = Assets.xcassets; sourceTree = "<group>"; };
		541E77C92872524D0043AFAC /* Base */ = {isa = PBXFileReference; lastKnownFileType = file.storyboard; name = Base; path = Base.lproj/LaunchScreen.storyboard; sourceTree = "<group>"; };
		541E77CB2872524D0043AFAC /* Info.plist */ = {isa = PBXFileReference; lastKnownFileType = text.plist.xml; path = Info.plist; sourceTree = "<group>"; };
		541E77CC2872524D0043AFAC /* main.m */ = {isa = PBXFileReference; lastKnownFileType = sourcecode.c.objc; path = main.m; sourceTree = "<group>"; };
		541E77D92872571D0043AFAC /* SignInViewController.h */ = {isa = PBXFileReference; lastKnownFileType = sourcecode.c.h; path = SignInViewController.h; sourceTree = "<group>"; };
		541E77DA2872571D0043AFAC /* SignInViewController.m */ = {isa = PBXFileReference; lastKnownFileType = sourcecode.c.objc; path = SignInViewController.m; sourceTree = "<group>"; };
		541E77DC287257510043AFAC /* RegisterViewController.h */ = {isa = PBXFileReference; lastKnownFileType = sourcecode.c.h; path = RegisterViewController.h; sourceTree = "<group>"; };
		541E77DD287257510043AFAC /* RegisterViewController.m */ = {isa = PBXFileReference; lastKnownFileType = sourcecode.c.objc; path = RegisterViewController.m; sourceTree = "<group>"; };
		541E77DF287276480043AFAC /* Keys.plist */ = {isa = PBXFileReference; lastKnownFileType = text.plist.xml; path = Keys.plist; sourceTree = "<group>"; };
		541E77E12873863D0043AFAC /* HomeViewController.h */ = {isa = PBXFileReference; lastKnownFileType = sourcecode.c.h; path = HomeViewController.h; sourceTree = "<group>"; };
		541E77E22873863D0043AFAC /* HomeViewController.m */ = {isa = PBXFileReference; lastKnownFileType = sourcecode.c.objc; path = HomeViewController.m; sourceTree = "<group>"; };
		CB345D6B8356BFDBE8F4F612 /* Pods_Grocery.framework */ = {isa = PBXFileReference; explicitFileType = wrapper.framework; includeInIndex = 0; path = Pods_Grocery.framework; sourceTree = BUILT_PRODUCTS_DIR; };
/* End PBXFileReference section */

/* Begin PBXFrameworksBuildPhase section */
		541E77B42872524C0043AFAC /* Frameworks */ = {
			isa = PBXFrameworksBuildPhase;
			buildActionMask = 2147483647;
			files = (
				1148A6588C1397139D7496F1 /* Pods_Grocery.framework in Frameworks */,
			);
			runOnlyForDeploymentPostprocessing = 0;
		};
/* End PBXFrameworksBuildPhase section */

/* Begin PBXGroup section */
		0061960CB6370FA979BDEAB2 /* Pods */ = {
			isa = PBXGroup;
			children = (
				154652845B4D515024392A1D /* Pods-Grocery.debug.xcconfig */,
				41324646D034CC50A3241D3A /* Pods-Grocery.release.xcconfig */,
			);
			path = Pods;
			sourceTree = "<group>";
		};
		541E77AE2872524C0043AFAC = {
			isa = PBXGroup;
			children = (
				541E77B92872524C0043AFAC /* Grocery */,
				541E77B82872524C0043AFAC /* Products */,
				0061960CB6370FA979BDEAB2 /* Pods */,
				E406796D9C9F51ED3A30F3B7 /* Frameworks */,
			);
			sourceTree = "<group>";
		};
		541E77B82872524C0043AFAC /* Products */ = {
			isa = PBXGroup;
			children = (
				541E77B72872524C0043AFAC /* Grocery.app */,
			);
			name = Products;
			sourceTree = "<group>";
		};
		541E77B92872524C0043AFAC /* Grocery */ = {
			isa = PBXGroup;
			children = (
				541E77D82872568A0043AFAC /* ViewControllers */,
				541E77D7287256400043AFAC /* Storyboard */,
				541E77BA2872524C0043AFAC /* AppDelegate.h */,
				541E77BB2872524C0043AFAC /* AppDelegate.m */,
				541E77BD2872524C0043AFAC /* SceneDelegate.h */,
				541E77BE2872524C0043AFAC /* SceneDelegate.m */,
				541E77C62872524D0043AFAC /* Assets.xcassets */,
				541E77CB2872524D0043AFAC /* Info.plist */,
				541E77CC2872524D0043AFAC /* main.m */,
				541E77DF287276480043AFAC /* Keys.plist */,
			);
			path = Grocery;
			sourceTree = "<group>";
		};
		541E77D7287256400043AFAC /* Storyboard */ = {
			isa = PBXGroup;
			children = (
				541E77C32872524C0043AFAC /* Main.storyboard */,
				541E77C82872524D0043AFAC /* LaunchScreen.storyboard */,
			);
			path = Storyboard;
			sourceTree = "<group>";
		};
		541E77D82872568A0043AFAC /* ViewControllers */ = {
			isa = PBXGroup;
			children = (
				541E77C02872524C0043AFAC /* ViewController.h */,
				541E77C12872524C0043AFAC /* ViewController.m */,
				541E77D92872571D0043AFAC /* SignInViewController.h */,
				541E77DA2872571D0043AFAC /* SignInViewController.m */,
				541E77DC287257510043AFAC /* RegisterViewController.h */,
				541E77DD287257510043AFAC /* RegisterViewController.m */,
				541E77E12873863D0043AFAC /* HomeViewController.h */,
				541E77E22873863D0043AFAC /* HomeViewController.m */,
			);
			path = ViewControllers;
			sourceTree = "<group>";
		};
		E406796D9C9F51ED3A30F3B7 /* Frameworks */ = {
			isa = PBXGroup;
			children = (
				CB345D6B8356BFDBE8F4F612 /* Pods_Grocery.framework */,
			);
			name = Frameworks;
			sourceTree = "<group>";
		};
/* End PBXGroup section */

/* Begin PBXNativeTarget section */
		541E77B62872524C0043AFAC /* Grocery */ = {
			isa = PBXNativeTarget;
			buildConfigurationList = 541E77D02872524D0043AFAC /* Build configuration list for PBXNativeTarget "Grocery" */;
			buildPhases = (
				D14EA77BB58A58AF7FDB88B9 /* [CP] Check Pods Manifest.lock */,
				541E77B32872524C0043AFAC /* Sources */,
				541E77B42872524C0043AFAC /* Frameworks */,
				541E77B52872524C0043AFAC /* Resources */,
				666B88F6866B43CCDBF49286 /* [CP] Embed Pods Frameworks */,
			);
			buildRules = (
			);
			dependencies = (
			);
			name = Grocery;
			productName = Grocery;
			productReference = 541E77B72872524C0043AFAC /* Grocery.app */;
			productType = "com.apple.product-type.application";
		};
/* End PBXNativeTarget section */

/* Begin PBXProject section */
		541E77AF2872524C0043AFAC /* Project object */ = {
			isa = PBXProject;
			attributes = {
				BuildIndependentTargetsInParallel = 1;
				LastUpgradeCheck = 1340;
				TargetAttributes = {
					541E77B62872524C0043AFAC = {
						CreatedOnToolsVersion = 13.4.1;
					};
				};
			};
			buildConfigurationList = 541E77B22872524C0043AFAC /* Build configuration list for PBXProject "Grocery" */;
			compatibilityVersion = "Xcode 13.0";
			developmentRegion = en;
			hasScannedForEncodings = 0;
			knownRegions = (
				en,
				Base,
			);
			mainGroup = 541E77AE2872524C0043AFAC;
			productRefGroup = 541E77B82872524C0043AFAC /* Products */;
			projectDirPath = "";
			projectRoot = "";
			targets = (
				541E77B62872524C0043AFAC /* Grocery */,
			);
		};
/* End PBXProject section */

/* Begin PBXResourcesBuildPhase section */
		541E77B52872524C0043AFAC /* Resources */ = {
			isa = PBXResourcesBuildPhase;
			buildActionMask = 2147483647;
			files = (
				541E77E0287276480043AFAC /* Keys.plist in Resources */,
				541E77CA2872524D0043AFAC /* LaunchScreen.storyboard in Resources */,
				541E77C72872524D0043AFAC /* Assets.xcassets in Resources */,
				541E77C52872524C0043AFAC /* Main.storyboard in Resources */,
			);
			runOnlyForDeploymentPostprocessing = 0;
		};
/* End PBXResourcesBuildPhase section */

/* Begin PBXShellScriptBuildPhase section */
		666B88F6866B43CCDBF49286 /* [CP] Embed Pods Frameworks */ = {
			isa = PBXShellScriptBuildPhase;
			buildActionMask = 2147483647;
			files = (
			);
			inputFileListPaths = (
				"${PODS_ROOT}/Target Support Files/Pods-Grocery/Pods-Grocery-frameworks-${CONFIGURATION}-input-files.xcfilelist",
			);
			name = "[CP] Embed Pods Frameworks";
			outputFileListPaths = (
				"${PODS_ROOT}/Target Support Files/Pods-Grocery/Pods-Grocery-frameworks-${CONFIGURATION}-output-files.xcfilelist",
			);
			runOnlyForDeploymentPostprocessing = 0;
			shellPath = /bin/sh;
			shellScript = "\"${PODS_ROOT}/Target Support Files/Pods-Grocery/Pods-Grocery-frameworks.sh\"\n";
			showEnvVarsInLog = 0;
		};
		D14EA77BB58A58AF7FDB88B9 /* [CP] Check Pods Manifest.lock */ = {
			isa = PBXShellScriptBuildPhase;
			buildActionMask = 2147483647;
			files = (
			);
			inputFileListPaths = (
			);
			inputPaths = (
				"${PODS_PODFILE_DIR_PATH}/Podfile.lock",
				"${PODS_ROOT}/Manifest.lock",
			);
			name = "[CP] Check Pods Manifest.lock";
			outputFileListPaths = (
			);
			outputPaths = (
				"$(DERIVED_FILE_DIR)/Pods-Grocery-checkManifestLockResult.txt",
			);
			runOnlyForDeploymentPostprocessing = 0;
			shellPath = /bin/sh;
			shellScript = "diff \"${PODS_PODFILE_DIR_PATH}/Podfile.lock\" \"${PODS_ROOT}/Manifest.lock\" > /dev/null\nif [ $? != 0 ] ; then\n    # print error to STDERR\n    echo \"error: The sandbox is not in sync with the Podfile.lock. Run 'pod install' or update your CocoaPods installation.\" >&2\n    exit 1\nfi\n# This output is used by Xcode 'outputs' to avoid re-running this script phase.\necho \"SUCCESS\" > \"${SCRIPT_OUTPUT_FILE_0}\"\n";
			showEnvVarsInLog = 0;
		};
/* End PBXShellScriptBuildPhase section */

/* Begin PBXSourcesBuildPhase section */
		541E77B32872524C0043AFAC /* Sources */ = {
			isa = PBXSourcesBuildPhase;
			buildActionMask = 2147483647;
			files = (
				541E77DB2872571D0043AFAC /* SignInViewController.m in Sources */,
				541E77DE287257510043AFAC /* RegisterViewController.m in Sources */,
				541E77C22872524C0043AFAC /* ViewController.m in Sources */,
				541E77BC2872524C0043AFAC /* AppDelegate.m in Sources */,
				541E77CD2872524D0043AFAC /* main.m in Sources */,
				541E77E32873863D0043AFAC /* HomeViewController.m in Sources */,
				541E77BF2872524C0043AFAC /* SceneDelegate.m in Sources */,
			);
			runOnlyForDeploymentPostprocessing = 0;
		};
/* End PBXSourcesBuildPhase section */

/* Begin PBXVariantGroup section */
		541E77C32872524C0043AFAC /* Main.storyboard */ = {
			isa = PBXVariantGroup;
			children = (
				541E77C42872524C0043AFAC /* Base */,
			);
			name = Main.storyboard;
			sourceTree = "<group>";
		};
		541E77C82872524D0043AFAC /* LaunchScreen.storyboard */ = {
			isa = PBXVariantGroup;
			children = (
				541E77C92872524D0043AFAC /* Base */,
			);
			name = LaunchScreen.storyboard;
			sourceTree = "<group>";
		};
/* End PBXVariantGroup section */

/* Begin XCBuildConfiguration section */
		541E77CE2872524D0043AFAC /* Debug */ = {
			isa = XCBuildConfiguration;
			buildSettings = {
				ALWAYS_SEARCH_USER_PATHS = NO;
				CLANG_ANALYZER_NONNULL = YES;
				CLANG_ANALYZER_NUMBER_OBJECT_CONVERSION = YES_AGGRESSIVE;
				CLANG_CXX_LANGUAGE_STANDARD = "gnu++17";
				CLANG_ENABLE_MODULES = YES;
				CLANG_ENABLE_OBJC_ARC = YES;
				CLANG_ENABLE_OBJC_WEAK = YES;
				CLANG_WARN_BLOCK_CAPTURE_AUTORELEASING = YES;
				CLANG_WARN_BOOL_CONVERSION = YES;
				CLANG_WARN_COMMA = YES;
				CLANG_WARN_CONSTANT_CONVERSION = YES;
				CLANG_WARN_DEPRECATED_OBJC_IMPLEMENTATIONS = YES;
				CLANG_WARN_DIRECT_OBJC_ISA_USAGE = YES_ERROR;
				CLANG_WARN_DOCUMENTATION_COMMENTS = YES;
				CLANG_WARN_EMPTY_BODY = YES;
				CLANG_WARN_ENUM_CONVERSION = YES;
				CLANG_WARN_INFINITE_RECURSION = YES;
				CLANG_WARN_INT_CONVERSION = YES;
				CLANG_WARN_NON_LITERAL_NULL_CONVERSION = YES;
				CLANG_WARN_OBJC_IMPLICIT_RETAIN_SELF = YES;
				CLANG_WARN_OBJC_LITERAL_CONVERSION = YES;
				CLANG_WARN_OBJC_ROOT_CLASS = YES_ERROR;
				CLANG_WARN_QUOTED_INCLUDE_IN_FRAMEWORK_HEADER = YES;
				CLANG_WARN_RANGE_LOOP_ANALYSIS = YES;
				CLANG_WARN_STRICT_PROTOTYPES = YES;
				CLANG_WARN_SUSPICIOUS_MOVE = YES;
				CLANG_WARN_UNGUARDED_AVAILABILITY = YES_AGGRESSIVE;
				CLANG_WARN_UNREACHABLE_CODE = YES;
				CLANG_WARN__DUPLICATE_METHOD_MATCH = YES;
				COPY_PHASE_STRIP = NO;
				DEBUG_INFORMATION_FORMAT = dwarf;
				ENABLE_STRICT_OBJC_MSGSEND = YES;
				ENABLE_TESTABILITY = YES;
				GCC_C_LANGUAGE_STANDARD = gnu11;
				GCC_DYNAMIC_NO_PIC = NO;
				GCC_NO_COMMON_BLOCKS = YES;
				GCC_OPTIMIZATION_LEVEL = 0;
				GCC_PREPROCESSOR_DEFINITIONS = (
					"DEBUG=1",
					"$(inherited)",
				);
				GCC_WARN_64_TO_32_BIT_CONVERSION = YES;
				GCC_WARN_ABOUT_RETURN_TYPE = YES_ERROR;
				GCC_WARN_UNDECLARED_SELECTOR = YES;
				GCC_WARN_UNINITIALIZED_AUTOS = YES_AGGRESSIVE;
				GCC_WARN_UNUSED_FUNCTION = YES;
				GCC_WARN_UNUSED_VARIABLE = YES;
				IPHONEOS_DEPLOYMENT_TARGET = 15.5;
				MTL_ENABLE_DEBUG_INFO = INCLUDE_SOURCE;
				MTL_FAST_MATH = YES;
				ONLY_ACTIVE_ARCH = YES;
				SDKROOT = iphoneos;
			};
			name = Debug;
		};
		541E77CF2872524D0043AFAC /* Release */ = {
			isa = XCBuildConfiguration;
			buildSettings = {
				ALWAYS_SEARCH_USER_PATHS = NO;
				CLANG_ANALYZER_NONNULL = YES;
				CLANG_ANALYZER_NUMBER_OBJECT_CONVERSION = YES_AGGRESSIVE;
				CLANG_CXX_LANGUAGE_STANDARD = "gnu++17";
				CLANG_ENABLE_MODULES = YES;
				CLANG_ENABLE_OBJC_ARC = YES;
				CLANG_ENABLE_OBJC_WEAK = YES;
				CLANG_WARN_BLOCK_CAPTURE_AUTORELEASING = YES;
				CLANG_WARN_BOOL_CONVERSION = YES;
				CLANG_WARN_COMMA = YES;
				CLANG_WARN_CONSTANT_CONVERSION = YES;
				CLANG_WARN_DEPRECATED_OBJC_IMPLEMENTATIONS = YES;
				CLANG_WARN_DIRECT_OBJC_ISA_USAGE = YES_ERROR;
				CLANG_WARN_DOCUMENTATION_COMMENTS = YES;
				CLANG_WARN_EMPTY_BODY = YES;
				CLANG_WARN_ENUM_CONVERSION = YES;
				CLANG_WARN_INFINITE_RECURSION = YES;
				CLANG_WARN_INT_CONVERSION = YES;
				CLANG_WARN_NON_LITERAL_NULL_CONVERSION = YES;
				CLANG_WARN_OBJC_IMPLICIT_RETAIN_SELF = YES;
				CLANG_WARN_OBJC_LITERAL_CONVERSION = YES;
				CLANG_WARN_OBJC_ROOT_CLASS = YES_ERROR;
				CLANG_WARN_QUOTED_INCLUDE_IN_FRAMEWORK_HEADER = YES;
				CLANG_WARN_RANGE_LOOP_ANALYSIS = YES;
				CLANG_WARN_STRICT_PROTOTYPES = YES;
				CLANG_WARN_SUSPICIOUS_MOVE = YES;
				CLANG_WARN_UNGUARDED_AVAILABILITY = YES_AGGRESSIVE;
				CLANG_WARN_UNREACHABLE_CODE = YES;
				CLANG_WARN__DUPLICATE_METHOD_MATCH = YES;
				COPY_PHASE_STRIP = NO;
				DEBUG_INFORMATION_FORMAT = "dwarf-with-dsym";
				ENABLE_NS_ASSERTIONS = NO;
				ENABLE_STRICT_OBJC_MSGSEND = YES;
				GCC_C_LANGUAGE_STANDARD = gnu11;
				GCC_NO_COMMON_BLOCKS = YES;
				GCC_WARN_64_TO_32_BIT_CONVERSION = YES;
				GCC_WARN_ABOUT_RETURN_TYPE = YES_ERROR;
				GCC_WARN_UNDECLARED_SELECTOR = YES;
				GCC_WARN_UNINITIALIZED_AUTOS = YES_AGGRESSIVE;
				GCC_WARN_UNUSED_FUNCTION = YES;
				GCC_WARN_UNUSED_VARIABLE = YES;
				IPHONEOS_DEPLOYMENT_TARGET = 15.5;
				MTL_ENABLE_DEBUG_INFO = NO;
				MTL_FAST_MATH = YES;
				SDKROOT = iphoneos;
				VALIDATE_PRODUCT = YES;
			};
			name = Release;
		};
		541E77D12872524D0043AFAC /* Debug */ = {
			isa = XCBuildConfiguration;
			baseConfigurationReference = 154652845B4D515024392A1D /* Pods-Grocery.debug.xcconfig */;
			buildSettings = {
				ASSETCATALOG_COMPILER_APPICON_NAME = AppIcon;
				ASSETCATALOG_COMPILER_GLOBAL_ACCENT_COLOR_NAME = AccentColor;
				CODE_SIGN_STYLE = Automatic;
				CURRENT_PROJECT_VERSION = 1;
				DEVELOPMENT_TEAM = 49BFYP4T4J;
				GENERATE_INFOPLIST_FILE = YES;
				INFOPLIST_FILE = Grocery/Info.plist;
				INFOPLIST_KEY_UIApplicationSupportsIndirectInputEvents = YES;
				INFOPLIST_KEY_UILaunchStoryboardName = LaunchScreen;
				INFOPLIST_KEY_UIMainStoryboardFile = Main;
				INFOPLIST_KEY_UISupportedInterfaceOrientations_iPad = "UIInterfaceOrientationPortrait UIInterfaceOrientationPortraitUpsideDown UIInterfaceOrientationLandscapeLeft UIInterfaceOrientationLandscapeRight";
				INFOPLIST_KEY_UISupportedInterfaceOrientations_iPhone = "UIInterfaceOrientationPortrait UIInterfaceOrientationLandscapeLeft UIInterfaceOrientationLandscapeRight";
				LD_RUNPATH_SEARCH_PATHS = (
					"$(inherited)",
					"@executable_path/Frameworks",
				);
				MARKETING_VERSION = 1.0;
				PRODUCT_BUNDLE_IDENTIFIER = com.Mitchel.Grocery;
				PRODUCT_NAME = "$(TARGET_NAME)";
				SWIFT_EMIT_LOC_STRINGS = YES;
				TARGETED_DEVICE_FAMILY = "1,2";
			};
			name = Debug;
		};
		541E77D22872524D0043AFAC /* Release */ = {
			isa = XCBuildConfiguration;
			baseConfigurationReference = 41324646D034CC50A3241D3A /* Pods-Grocery.release.xcconfig */;
			buildSettings = {
				ASSETCATALOG_COMPILER_APPICON_NAME = AppIcon;
				ASSETCATALOG_COMPILER_GLOBAL_ACCENT_COLOR_NAME = AccentColor;
				CODE_SIGN_STYLE = Automatic;
				CURRENT_PROJECT_VERSION = 1;
				DEVELOPMENT_TEAM = 49BFYP4T4J;
				GENERATE_INFOPLIST_FILE = YES;
				INFOPLIST_FILE = Grocery/Info.plist;
				INFOPLIST_KEY_UIApplicationSupportsIndirectInputEvents = YES;
				INFOPLIST_KEY_UILaunchStoryboardName = LaunchScreen;
				INFOPLIST_KEY_UIMainStoryboardFile = Main;
				INFOPLIST_KEY_UISupportedInterfaceOrientations_iPad = "UIInterfaceOrientationPortrait UIInterfaceOrientationPortraitUpsideDown UIInterfaceOrientationLandscapeLeft UIInterfaceOrientationLandscapeRight";
				INFOPLIST_KEY_UISupportedInterfaceOrientations_iPhone = "UIInterfaceOrientationPortrait UIInterfaceOrientationLandscapeLeft UIInterfaceOrientationLandscapeRight";
				LD_RUNPATH_SEARCH_PATHS = (
					"$(inherited)",
					"@executable_path/Frameworks",
				);
				MARKETING_VERSION = 1.0;
				PRODUCT_BUNDLE_IDENTIFIER = com.Mitchel.Grocery;
				PRODUCT_NAME = "$(TARGET_NAME)";
				SWIFT_EMIT_LOC_STRINGS = YES;
				TARGETED_DEVICE_FAMILY = "1,2";
			};
			name = Release;
		};
/* End XCBuildConfiguration section */

/* Begin XCConfigurationList section */
		541E77B22872524C0043AFAC /* Build configuration list for PBXProject "Grocery" */ = {
			isa = XCConfigurationList;
			buildConfigurations = (
				541E77CE2872524D0043AFAC /* Debug */,
				541E77CF2872524D0043AFAC /* Release */,
			);
			defaultConfigurationIsVisible = 0;
			defaultConfigurationName = Release;
		};
		541E77D02872524D0043AFAC /* Build configuration list for PBXNativeTarget "Grocery" */ = {
			isa = XCConfigurationList;
			buildConfigurations = (
				541E77D12872524D0043AFAC /* Debug */,
				541E77D22872524D0043AFAC /* Release */,
			);
			defaultConfigurationIsVisible = 0;
			defaultConfigurationName = Release;
		};
/* End XCConfigurationList section */
	};
	rootObject = 541E77AF2872524C0043AFAC /* Project object */;
}
